// !$*UTF8*$!
{
	archiveVersion = 1;
	classes = {
	};
	objectVersion = 50;
	objects = {

/* Begin PBXBuildFile section */
		4761B969244FDC4100ADE85A /* AppDelegate.swift in Sources */ = {isa = PBXBuildFile; fileRef = 4761B968244FDC4100ADE85A /* AppDelegate.swift */; };
		4761B96B244FDC4100ADE85A /* SceneDelegate.swift in Sources */ = {isa = PBXBuildFile; fileRef = 4761B96A244FDC4100ADE85A /* SceneDelegate.swift */; };
		4761B96D244FDC4100ADE85A /* ViewController.swift in Sources */ = {isa = PBXBuildFile; fileRef = 4761B96C244FDC4100ADE85A /* ViewController.swift */; };
		4761B970244FDC4200ADE85A /* Main.storyboard in Resources */ = {isa = PBXBuildFile; fileRef = 4761B96E244FDC4200ADE85A /* Main.storyboard */; };
		4761B972244FDC4300ADE85A /* Assets.xcassets in Resources */ = {isa = PBXBuildFile; fileRef = 4761B971244FDC4300ADE85A /* Assets.xcassets */; };
		4761B975244FDC4300ADE85A /* LaunchScreen.storyboard in Resources */ = {isa = PBXBuildFile; fileRef = 4761B973244FDC4300ADE85A /* LaunchScreen.storyboard */; };
/* End PBXBuildFile section */

/* Begin PBXFileReference section */
		4761B965244FDC4100ADE85A /* KeyChainTest_swift.app */ = {isa = PBXFileReference; explicitFileType = wrapper.application; includeInIndex = 0; path = KeyChainTest_swift.app; sourceTree = BUILT_PRODUCTS_DIR; };
		4761B968244FDC4100ADE85A /* AppDelegate.swift */ = {isa = PBXFileReference; lastKnownFileType = sourcecode.swift; path = AppDelegate.swift; sourceTree = "<group>"; };
		4761B96A244FDC4100ADE85A /* SceneDelegate.swift */ = {isa = PBXFileReference; lastKnownFileType = sourcecode.swift; path = SceneDelegate.swift; sourceTree = "<group>"; };
		4761B96C244FDC4100ADE85A /* ViewController.swift */ = {isa = PBXFileReference; lastKnownFileType = sourcecode.swift; path = ViewController.swift; sourceTree = "<group>"; };
		4761B96F244FDC4200ADE85A /* Base */ = {isa = PBXFileReference; lastKnownFileType = file.storyboard; name = Base; path = Base.lproj/Main.storyboard; sourceTree = "<group>"; };
		4761B971244FDC4300ADE85A /* Assets.xcassets */ = {isa = PBXFileReference; lastKnownFileType = folder.assetcatalog; path = Assets.xcassets; sourceTree = "<group>"; };
		4761B974244FDC4300ADE85A /* Base */ = {isa = PBXFileReference; lastKnownFileType = file.storyboard; name = Base; path = Base.lproj/LaunchScreen.storyboard; sourceTree = "<group>"; };
		4761B976244FDC4300ADE85A /* Info.plist */ = {isa = PBXFileReference; lastKnownFileType = text.plist.xml; path = Info.plist; sourceTree = "<group>"; };
/* End PBXFileReference section */

/* Begin PBXFrameworksBuildPhase section */
		4761B962244FDC4100ADE85A /* Frameworks */ = {
			isa = PBXFrameworksBuildPhase;
			buildActionMask = 2147483647;
			files = (
			);
			runOnlyForDeploymentPostprocessing = 0;
		};
/* End PBXFrameworksBuildPhase section */

/* Begin PBXGroup section */
		4761B95C244FDC4100ADE85A = {
			isa = PBXGroup;
			children = (
				4761B967244FDC4100ADE85A /* KeyChainTest_swift */,
				4761B966244FDC4100ADE85A /* Products */,
			);
			sourceTree = "<group>";
		};
		4761B966244FDC4100ADE85A /* Products */ = {
			isa = PBXGroup;
			children = (
				4761B965244FDC4100ADE85A /* KeyChainTest_swift.app */,
			);
			name = Products;
			sourceTree = "<group>";
		};
		4761B967244FDC4100ADE85A /* KeyChainTest_swift */ = {
			isa = PBXGroup;
			children = (
				4761B968244FDC4100ADE85A /* AppDelegate.swift */,
				4761B96A244FDC4100ADE85A /* SceneDelegate.swift */,
				4761B96C244FDC4100ADE85A /* ViewController.swift */,
				4761B96E244FDC4200ADE85A /* Main.storyboard */,
				4761B971244FDC4300ADE85A /* Assets.xcassets */,
				4761B973244FDC4300ADE85A /* LaunchScreen.storyboard */,
				4761B976244FDC4300ADE85A /* Info.plist */,
			);
			path = KeyChainTest_swift;
			sourceTree = "<group>";
		};
/* End PBXGroup section */

/* Begin PBXNativeTarget section */
		4761B964244FDC4100ADE85A /* KeyChainTest_swift */ = {
			isa = PBXNativeTarget;
			buildConfigurationList = 4761B979244FDC4300ADE85A /* Build configuration list for PBXNativeTarget "KeyChainTest_swift" */;
			buildPhases = (
				4761B961244FDC4100ADE85A /* Sources */,
				4761B962244FDC4100ADE85A /* Frameworks */,
				4761B963244FDC4100ADE85A /* Resources */,
			);
			buildRules = (
			);
			dependencies = (
			);
			name = KeyChainTest_swift;
			productName = KeyChainTest_swift;
			productReference = 4761B965244FDC4100ADE85A /* KeyChainTest_swift.app */;
			productType = "com.apple.product-type.application";
		};
/* End PBXNativeTarget section */

/* Begin PBXProject section */
		4761B95D244FDC4100ADE85A /* Project object */ = {
			isa = PBXProject;
			attributes = {
				LastSwiftUpdateCheck = 1140;
				LastUpgradeCheck = 1140;
				ORGANIZATIONNAME = KIMMINYOUNG;
				TargetAttributes = {
					4761B964244FDC4100ADE85A = {
						CreatedOnToolsVersion = 11.4.1;
					};
				};
			};
			buildConfigurationList = 4761B960244FDC4100ADE85A /* Build configuration list for PBXProject "KeyChainTest_swift" */;
			compatibilityVersion = "Xcode 9.3";
			developmentRegion = en;
			hasScannedForEncodings = 0;
			knownRegions = (
				en,
				Base,
			);
			mainGroup = 4761B95C244FDC4100ADE85A;
			productRefGroup = 4761B966244FDC4100ADE85A /* Products */;
			projectDirPath = "";
			projectRoot = "";
			targets = (
				4761B964244FDC4100ADE85A /* KeyChainTest_swift */,
			);
		};
/* End PBXProject section */

/* Begin PBXResourcesBuildPhase section */
		4761B963244FDC4100ADE85A /* Resources */ = {
			isa = PBXResourcesBuildPhase;
			buildActionMask = 2147483647;
			files = (
				4761B975244FDC4300ADE85A /* LaunchScreen.storyboard in Resources */,
				4761B972244FDC4300ADE85A /* Assets.xcassets in Resources */,
				4761B970244FDC4200ADE85A /* Main.storyboard in Resources */,
			);
			runOnlyForDeploymentPostprocessing = 0;
		};
/* End PBXResourcesBuildPhase section */

/* Begin PBXSourcesBuildPhase section */
		4761B961244FDC4100ADE85A /* Sources */ = {
			isa = PBXSourcesBuildPhase;
			buildActionMask = 2147483647;
			files = (
				4761B96D244FDC4100ADE85A /* ViewController.swift in Sources */,
				4761B969244FDC4100ADE85A /* AppDelegate.swift in Sources */,
				4761B96B244FDC4100ADE85A /* SceneDelegate.swift in Sources */,
			);
			runOnlyForDeploymentPostprocessing = 0;
		};
/* End PBXSourcesBuildPhase section */

/* Begin PBXVariantGroup section */
		4761B96E244FDC4200ADE85A /* Main.storyboard */ = {
			isa = PBXVariantGroup;
			children = (
				4761B96F244FDC4200ADE85A /* Base */,
			);
			name = Main.storyboard;
			sourceTree = "<group>";
		};
		4761B973244FDC4300ADE85A /* LaunchScreen.storyboard */ = {
			isa = PBXVariantGroup;
			children = (
				4761B974244FDC4300ADE85A /* Base */,
			);
			name = LaunchScreen.storyboard;
			sourceTree = "<group>";
		};
/* End PBXVariantGroup section */

/* Begin XCBuildConfiguration section */
		4761B977244FDC4300ADE85A /* Debug */ = {
			isa = XCBuildConfiguration;
			buildSettings = {
				ALWAYS_SEARCH_USER_PATHS = NO;
				CLANG_ANALYZER_NONNULL = YES;
				CLANG_ANALYZER_NUMBER_OBJECT_CONVERSION = YES_AGGRESSIVE;
				CLANG_CXX_LANGUAGE_STANDARD = "gnu++14";
				CLANG_CXX_LIBRARY = "libc++";
				CLANG_ENABLE_MODULES = YES;
				CLANG_ENABLE_OBJC_ARC = YES;
				CLANG_ENABLE_OBJC_WEAK = YES;
				CLANG_WARN_BLOCK_CAPTURE_AUTORELEASING = YES;
				CLANG_WARN_BOOL_CONVERSION = YES;
				CLANG_WARN_COMMA = YES;
				CLANG_WARN_CONSTANT_CONVERSION = YES;
				CLANG_WARN_DEPRECATED_OBJC_IMPLEMENTATIONS = YES;
				CLANG_WARN_DIRECT_OBJC_ISA_USAGE = YES_ERROR;
				CLANG_WARN_DOCUMENTATION_COMMENTS = YES;
				CLANG_WARN_EMPTY_BODY = YES;
				CLANG_WARN_ENUM_CONVERSION = YES;
				CLANG_WARN_INFINITE_RECURSION = YES;
				CLANG_WARN_INT_CONVERSION = YES;
				CLANG_WARN_NON_LITERAL_NULL_CONVERSION = YES;
				CLANG_WARN_OBJC_IMPLICIT_RETAIN_SELF = YES;
				CLANG_WARN_OBJC_LITERAL_CONVERSION = YES;
				CLANG_WARN_OBJC_ROOT_CLASS = YES_ERROR;
				CLANG_WARN_RANGE_LOOP_ANALYSIS = YES;
				CLANG_WARN_STRICT_PROTOTYPES = YES;
				CLANG_WARN_SUSPICIOUS_MOVE = YES;
				CLANG_WARN_UNGUARDED_AVAILABILITY = YES_AGGRESSIVE;
				CLANG_WARN_UNREACHABLE_CODE = YES;
				CLANG_WARN__DUPLICATE_METHOD_MATCH = YES;
				COPY_PHASE_STRIP = NO;
				DEBUG_INFORMATION_FORMAT = dwarf;
				ENABLE_STRICT_OBJC_MSGSEND = YES;
				ENABLE_TESTABILITY = YES;
				GCC_C_LANGUAGE_STANDARD = gnu11;
				GCC_DYNAMIC_NO_PIC = NO;
				GCC_NO_COMMON_BLOCKS = YES;
				GCC_OPTIMIZATION_LEVEL = 0;
				GCC_PREPROCESSOR_DEFINITIONS = (
					"DEBUG=1",
					"$(inherited)",
				);
				GCC_WARN_64_TO_32_BIT_CONVERSION = YES;
				GCC_WARN_ABOUT_RETURN_TYPE = YES_ERROR;
				GCC_WARN_UNDECLARED_SELECTOR = YES;
				GCC_WARN_UNINITIALIZED_AUTOS = YES_AGGRESSIVE;
				GCC_WARN_UNUSED_FUNCTION = YES;
				GCC_WARN_UNUSED_VARIABLE = YES;
				IPHONEOS_DEPLOYMENT_TARGET = 13.4;
				MTL_ENABLE_DEBUG_INFO = INCLUDE_SOURCE;
				MTL_FAST_MATH = YES;
				ONLY_ACTIVE_ARCH = YES;
				SDKROOT = iphoneos;
				SWIFT_ACTIVE_COMPILATION_CONDITIONS = DEBUG;
				SWIFT_OPTIMIZATION_LEVEL = "-Onone";
			};
			name = Debug;
		};
		4761B978244FDC4300ADE85A /* Release */ = {
			isa = XCBuildConfiguration;
			buildSettings = {
				ALWAYS_SEARCH_USER_PATHS = NO;
				CLANG_ANALYZER_NONNULL = YES;
				CLANG_ANALYZER_NUMBER_OBJECT_CONVERSION = YES_AGGRESSIVE;
				CLANG_CXX_LANGUAGE_STANDARD = "gnu++14";
				CLANG_CXX_LIBRARY = "libc++";
				CLANG_ENABLE_MODULES = YES;
				CLANG_ENABLE_OBJC_ARC = YES;
				CLANG_ENABLE_OBJC_WEAK = YES;
				CLANG_WARN_BLOCK_CAPTURE_AUTORELEASING = YES;
				CLANG_WARN_BOOL_CONVERSION = YES;
				CLANG_WARN_COMMA = YES;
				CLANG_WARN_CONSTANT_CONVERSION = YES;
				CLANG_WARN_DEPRECATED_OBJC_IMPLEMENTATIONS = YES;
				CLANG_WARN_DIRECT_OBJC_ISA_USAGE = YES_ERROR;
				CLANG_WARN_DOCUMENTATION_COMMENTS = YES;
				CLANG_WARN_EMPTY_BODY = YES;
				CLANG_WARN_ENUM_CONVERSION = YES;
				CLANG_WARN_INFINITE_RECURSION = YES;
				CLANG_WARN_INT_CONVERSION = YES;
				CLANG_WARN_NON_LITERAL_NULL_CONVERSION = YES;
				CLANG_WARN_OBJC_IMPLICIT_RETAIN_SELF = YES;
				CLANG_WARN_OBJC_LITERAL_CONVERSION = YES;
				CLANG_WARN_OBJC_ROOT_CLASS = YES_ERROR;
				CLANG_WARN_RANGE_LOOP_ANALYSIS = YES;
				CLANG_WARN_STRICT_PROTOTYPES = YES;
				CLANG_WARN_SUSPICIOUS_MOVE = YES;
				CLANG_WARN_UNGUARDED_AVAILABILITY = YES_AGGRESSIVE;
				CLANG_WARN_UNREACHABLE_CODE = YES;
				CLANG_WARN__DUPLICATE_METHOD_MATCH = YES;
				COPY_PHASE_STRIP = NO;
				DEBUG_INFORMATION_FORMAT = "dwarf-with-dsym";
				ENABLE_NS_ASSERTIONS = NO;
				ENABLE_STRICT_OBJC_MSGSEND = YES;
				GCC_C_LANGUAGE_STANDARD = gnu11;
				GCC_NO_COMMON_BLOCKS = YES;
				GCC_WARN_64_TO_32_BIT_CONVERSION = YES;
				GCC_WARN_ABOUT_RETURN_TYPE = YES_ERROR;
				GCC_WARN_UNDECLARED_SELECTOR = YES;
				GCC_WARN_UNINITIALIZED_AUTOS = YES_AGGRESSIVE;
				GCC_WARN_UNUSED_FUNCTION = YES;
				GCC_WARN_UNUSED_VARIABLE = YES;
				IPHONEOS_DEPLOYMENT_TARGET = 13.4;
				MTL_ENABLE_DEBUG_INFO = NO;
				MTL_FAST_MATH = YES;
				SDKROOT = iphoneos;
				SWIFT_COMPILATION_MODE = wholemodule;
				SWIFT_OPTIMIZATION_LEVEL = "-O";
				VALIDATE_PRODUCT = YES;
			};
			name = Release;
		};
		4761B97A244FDC4300ADE85A /* Debug */ = {
			isa = XCBuildConfiguration;
			buildSettings = {
				ASSETCATALOG_COMPILER_APPICON_NAME = AppIcon;
				CODE_SIGN_STYLE = Automatic;
				DEVELOPMENT_TEAM = PA8K389HDA;
				INFOPLIST_FILE = KeyChainTest_swift/Info.plist;
				LD_RUNPATH_SEARCH_PATHS = (
					"$(inherited)",
					"@executable_path/Frameworks",
				);
				PRODUCT_BUNDLE_IDENTIFIER = "com.kmy.KeyChainTest-swift";
				PRODUCT_NAME = "$(TARGET_NAME)";
				SWIFT_VERSION = 5.0;
				TARGETED_DEVICE_FAMILY = "1,2";
			};
			name = Debug;
		};
		4761B97B244FDC4300ADE85A /* Release */ = {
			isa = XCBuildConfiguration;
			buildSettings = {
				ASSETCATALOG_COMPILER_APPICON_NAME = AppIcon;
				CODE_SIGN_STYLE = Automatic;
				DEVELOPMENT_TEAM = PA8K389HDA;
				INFOPLIST_FILE = KeyChainTest_swift/Info.plist;
				LD_RUNPATH_SEARCH_PATHS = (
					"$(inherited)",
					"@executable_path/Frameworks",
				);
				PRODUCT_BUNDLE_IDENTIFIER = "com.kmy.KeyChainTest-swift";
				PRODUCT_NAME = "$(TARGET_NAME)";
				SWIFT_VERSION = 5.0;
				TARGETED_DEVICE_FAMILY = "1,2";
			};
			name = Release;
		};
/* End XCBuildConfiguration section */

/* Begin XCConfigurationList section */
		4761B960244FDC4100ADE85A /* Build configuration list for PBXProject "KeyChainTest_swift" */ = {
			isa = XCConfigurationList;
			buildConfigurations = (
				4761B977244FDC4300ADE85A /* Debug */,
				4761B978244FDC4300ADE85A /* Release */,
			);
			defaultConfigurationIsVisible = 0;
			defaultConfigurationName = Release;
		};
		4761B979244FDC4300ADE85A /* Build configuration list for PBXNativeTarget "KeyChainTest_swift" */ = {
			isa = XCConfigurationList;
			buildConfigurations = (
				4761B97A244FDC4300ADE85A /* Debug */,
				4761B97B244FDC4300ADE85A /* Release */,
			);
			defaultConfigurationIsVisible = 0;
			defaultConfigurationName = Release;
		};
/* End XCConfigurationList section */
	};
	rootObject = 4761B95D244FDC4100ADE85A /* Project object */;
}
